github.com/ebitengine/oto/v3 v3.5.1 h1:7gL5DxxSQp8S1Me2jDSp+gSAyondYxpjM5RPBBqLT0c=
github.com/ebitengine/oto/v3 v3.5.1/go.mod h1:Elkm7yzTRns3w2efvibzVOoQ65YOwmec9a76dCiK10o=
github.com/ebitengine/purego v0.11.0 h1:jhp/D+Nyv7UUW8HAcmcjt2N2rYrYi9m3SL21k0Ua/NI=
github.com/ebitengine/purego v0.11.0/go.mod h1:DCHPP08djqhNSoTfImcnHYQRZmd0qhakvrozqaEYhGQ=
github.com/jfreymuth/pulse v0.1.3 h1:bc5TdxiB8E+2INnFjFWWgyfgXtz2IyNNNCX+Wt/ZD14=
github.com/jfreymuth/pulse v0.1.3/go.mod h1:cpYspI6YljhkUf1WLXLLDmeaaPFc3CnGLjDZf9dZ4no=
golang.org/x/sys v0.48.0 h1:bbX/i/6MgT9BVLM9RT1thmxL04yeTAhbEz4SyadbXoo=
golang.org/x/sys v0.48.0/go.mod h1:hNLxWAXmnKAxqDtdwIYC4bM9oQPEecfsnNMuSxOs3og=
golang.org/x/term v0.46.0 h1:3+OXuTbaKDgwk8jTi3aSLHRlmWqHEUDUtxnbFigO4YE=
golang.org/x/term v0.46.0/go.mod h1:+K02xbkittuwc0Am4abfA3Fc+XRGXkvBXNO88NCXPoc=
